
Microsoft Visual Studio Solution File, Format Version 12.00
# Visual Studio Version 17
VisualStudioVersion = 17.8.34316.72
MinimumVisualStudioVersion = 10.0.40219.1
Project("{FAE04EC0-301F-11D3-BF4B-00C04F79EFBC}") = "ExcelToDxfAvalonia", "ExcelToDxfAvalonia\ExcelToDxfAvalonia.csproj", "{6A9C27F2-2068-40BC-BF5B-C5E16D1BC9A0}"
EndProject
Global
	GlobalSection(SolutionConfigurationPlatforms) = preSolution
		Debug|Any CPU = Debug|Any CPU
		Release|Any CPU = Release|Any CPU
	EndGlobalSection
	GlobalSection(ProjectConfigurationPlatforms) = postSolution
		{6A9C27F2-2068-40BC-BF5B-C5E16D1BC9A0}.Debug|Any CPU.ActiveCfg = Debug|Any CPU
		{6A9C27F2-2068-40BC-BF5B-C5E16D1BC9A0}.Debug|Any CPU.Build.0 = Debug|Any CPU
		{6A9C27F2-2068-40BC-BF5B-C5E16D1BC9A0}.Release|Any CPU.ActiveCfg = Release|Any CPU
		{6A9C27F2-2068-40BC-BF5B-C5E16D1BC9A0}.Release|Any CPU.Build.0 = Release|Any CPU
	EndGlobalSection
	GlobalSection(SolutionProperties) = preSolution
		HideSolutionNode = FALSE
	EndGlobalSection
	GlobalSection(ExtensibilityGlobals) = postSolution
		SolutionGuid = {A7D88308-14EF-441D-B052-B5A36C0063A1}
	EndGlobalSection
EndGlobal
